
Microsoft Visual Studio Solution File, Format Version 12.00
# Visual Studio 15
VisualStudioVersion = 15.0.26124.0
MinimumVisualStudioVersion = 15.0.26124.0
Project("{2150E333-8FDC-42A3-9474-1A3956D46DE8}") = "src", "src", "{88E7A0D3-D120-48EC-B54E-773E225C8BC7}"
EndProject
Project("{FAE04EC0-301F-11D3-BF4B-00C04F79EFBC}") = "SampleService.Api", "src\SampleService.Api\SampleService.Api.csproj", "{EE6A1004-1EFF-46B8-A7CF-81253F0A802E}"
EndProject
Project("{FAE04EC0-301F-11D3-BF4B-00C04F79EFBC}") = "SampleService.Application", "src\SampleService.Application\SampleService.Application.csproj", "{AA976071-40B4-4973-B8DB-EBAEE77CF277}"
EndProject
Project("{FAE04EC0-301F-11D3-BF4B-00C04F79EFBC}") = "SampleService.Domain", "src\SampleService.Domain\SampleService.Domain.csproj", "{A6C0B667-A8B1-4124-ABB4-DF140A4D91D5}"
EndProject
Project("{FAE04EC0-301F-11D3-BF4B-00C04F79EFBC}") = "SampleService.Infrastructure", "src\SampleService.Infrastructure\SampleService.Infrastructure.csproj", "{57895385-3CBF-4EFA-AAAB-9D330D8D0A02}"
EndProject
Project("{2150E333-8FDC-42A3-9474-1A3956D46DE8}") = "test", "test", "{EADD2E75-11A8-4EE8-B669-160FE03483D1}"
EndProject
Project("{FAE04EC0-301F-11D3-BF4B-00C04F79EFBC}") = "SampleService.UnitTests", "test\SampleService.UnitTests\SampleService.UnitTests.csproj", "{50018309-738C-4211-BDA9-41AC92DACD6B}"
EndProject
Project("{FAE04EC0-301F-11D3-BF4B-00C04F79EFBC}") = "SampleService.IntegrationTests", "test\SampleService.IntegrationTests\SampleService.IntegrationTests.csproj", "{63DD5C42-7631-4E98-9861-B99E94BAD663}"
EndProject
Project("{FAE04EC0-301F-11D3-BF4B-00C04F79EFBC}") = "SampleService.ComponentTests", "test\SampleService.ComponentTests\SampleService.ComponentTests.csproj", "{81B89B4D-ABA4-46B7-BE49-28BFDFC24316}"
EndProject
Global
	GlobalSection(SolutionConfigurationPlatforms) = preSolution
		Debug|Any CPU = Debug|Any CPU
		Debug|x64 = Debug|x64
		Debug|x86 = Debug|x86
		Release|Any CPU = Release|Any CPU
		Release|x64 = Release|x64
		Release|x86 = Release|x86
	EndGlobalSection
	GlobalSection(SolutionProperties) = preSolution
		HideSolutionNode = FALSE
	EndGlobalSection
	GlobalSection(ProjectConfigurationPlatforms) = postSolution
		{EE6A1004-1EFF-46B8-A7CF-81253F0A802E}.Debug|Any CPU.ActiveCfg = Debug|Any CPU
		{EE6A1004-1EFF-46B8-A7CF-81253F0A802E}.Debug|Any CPU.Build.0 = Debug|Any CPU
		{EE6A1004-1EFF-46B8-A7CF-81253F0A802E}.Debug|x64.ActiveCfg = Debug|Any CPU
		{EE6A1004-1EFF-46B8-A7CF-81253F0A802E}.Debug|x64.Build.0 = Debug|Any CPU
		{EE6A1004-1EFF-46B8-A7CF-81253F0A802E}.Debug|x86.ActiveCfg = Debug|Any CPU
		{EE6A1004-1EFF-46B8-A7CF-81253F0A802E}.Debug|x86.Build.0 = Debug|Any CPU
		{EE6A1004-1EFF-46B8-A7CF-81253F0A802E}.Release|Any CPU.ActiveCfg = Release|Any CPU
		{EE6A1004-1EFF-46B8-A7CF-81253F0A802E}.Release|Any CPU.Build.0 = Release|Any CPU
		{EE6A1004-1EFF-46B8-A7CF-81253F0A802E}.Release|x64.ActiveCfg = Release|Any CPU
		{EE6A1004-1EFF-46B8-A7CF-81253F0A802E}.Release|x64.Build.0 = Release|Any CPU
		{EE6A1004-1EFF-46B8-A7CF-81253F0A802E}.Release|x86.ActiveCfg = Release|Any CPU
		{EE6A1004-1EFF-46B8-A7CF-81253F0A802E}.Release|x86.Build.0 = Release|Any CPU
		{AA976071-40B4-4973-B8DB-EBAEE77CF277}.Debug|Any CPU.ActiveCfg = Debug|Any CPU
		{AA976071-40B4-4973-B8DB-EBAEE77CF277}.Debug|Any CPU.Build.0 = Debug|Any CPU
		{AA976071-40B4-4973-B8DB-EBAEE77CF277}.Debug|x64.ActiveCfg = Debug|Any CPU
		{AA976071-40B4-4973-B8DB-EBAEE77CF277}.Debug|x64.Build.0 = Debug|Any CPU
		{AA976071-40B4-4973-B8DB-EBAEE77CF277}.Debug|x86.ActiveCfg = Debug|Any CPU
		{AA976071-40B4-4973-B8DB-EBAEE77CF277}.Debug|x86.Build.0 = Debug|Any CPU
		{AA976071-40B4-4973-B8DB-EBAEE77CF277}.Release|Any CPU.ActiveCfg = Release|Any CPU
		{AA976071-40B4-4973-B8DB-EBAEE77CF277}.Release|Any CPU.Build.0 = Release|Any CPU
		{AA976071-40B4-4973-B8DB-EBAEE77CF277}.Release|x64.ActiveCfg = Release|Any CPU
		{AA976071-40B4-4973-B8DB-EBAEE77CF277}.Release|x64.Build.0 = Release|Any CPU
		{AA976071-40B4-4973-B8DB-EBAEE77CF277}.Release|x86.ActiveCfg = Release|Any CPU
		{AA976071-40B4-4973-B8DB-EBAEE77CF277}.Release|x86.Build.0 = Release|Any CPU
		{A6C0B667-A8B1-4124-ABB4-DF140A4D91D5}.Debug|Any CPU.ActiveCfg = Debug|Any CPU
		{A6C0B667-A8B1-4124-ABB4-DF140A4D91D5}.Debug|Any CPU.Build.0 = Debug|Any CPU
		{A6C0B667-A8B1-4124-ABB4-DF140A4D91D5}.Debug|x64.ActiveCfg = Debug|Any CPU
		{A6C0B667-A8B1-4124-ABB4-DF140A4D91D5}.Debug|x64.Build.0 = Debug|Any CPU
		{A6C0B667-A8B1-4124-ABB4-DF140A4D91D5}.Debug|x86.ActiveCfg = Debug|Any CPU
		{A6C0B667-A8B1-4124-ABB4-DF140A4D91D5}.Debug|x86.Build.0 = Debug|Any CPU
		{A6C0B667-A8B1-4124-ABB4-DF140A4D91D5}.Release|Any CPU.ActiveCfg = Release|Any CPU
		{A6C0B667-A8B1-4124-ABB4-DF140A4D91D5}.Release|Any CPU.Build.0 = Release|Any CPU
		{A6C0B667-A8B1-4124-ABB4-DF140A4D91D5}.Release|x64.ActiveCfg = Release|Any CPU
		{A6C0B667-A8B1-4124-ABB4-DF140A4D91D5}.Release|x64.Build.0 = Release|Any CPU
		{A6C0B667-A8B1-4124-ABB4-DF140A4D91D5}.Release|x86.ActiveCfg = Release|Any CPU
		{A6C0B667-A8B1-4124-ABB4-DF140A4D91D5}.Release|x86.Build.0 = Release|Any CPU
		{57895385-3CBF-4EFA-AAAB-9D330D8D0A02}.Debug|Any CPU.ActiveCfg = Debug|Any CPU
		{57895385-3CBF-4EFA-AAAB-9D330D8D0A02}.Debug|Any CPU.Build.0 = Debug|Any CPU
		{57895385-3CBF-4EFA-AAAB-9D330D8D0A02}.Debug|x64.ActiveCfg = Debug|Any CPU
		{57895385-3CBF-4EFA-AAAB-9D330D8D0A02}.Debug|x64.Build.0 = Debug|Any CPU
		{57895385-3CBF-4EFA-AAAB-9D330D8D0A02}.Debug|x86.ActiveCfg = Debug|Any CPU
		{57895385-3CBF-4EFA-AAAB-9D330D8D0A02}.Debug|x86.Build.0 = Debug|Any CPU
		{57895385-3CBF-4EFA-AAAB-9D330D8D0A02}.Release|Any CPU.ActiveCfg = Release|Any CPU
		{57895385-3CBF-4EFA-AAAB-9D330D8D0A02}.Release|Any CPU.Build.0 = Release|Any CPU
		{57895385-3CBF-4EFA-AAAB-9D330D8D0A02}.Release|x64.ActiveCfg = Release|Any CPU
		{57895385-3CBF-4EFA-AAAB-9D330D8D0A02}.Release|x64.Build.0 = Release|Any CPU
		{57895385-3CBF-4EFA-AAAB-9D330D8D0A02}.Release|x86.ActiveCfg = Release|Any CPU
		{57895385-3CBF-4EFA-AAAB-9D330D8D0A02}.Release|x86.Build.0 = Release|Any CPU
		{50018309-738C-4211-BDA9-41AC92DACD6B}.Debug|Any CPU.ActiveCfg = Debug|Any CPU
		{50018309-738C-4211-BDA9-41AC92DACD6B}.Debug|Any CPU.Build.0 = Debug|Any CPU
		{50018309-738C-4211-BDA9-41AC92DACD6B}.Debug|x64.ActiveCfg = Debug|Any CPU
		{50018309-738C-4211-BDA9-41AC92DACD6B}.Debug|x64.Build.0 = Debug|Any CPU
		{50018309-738C-4211-BDA9-41AC92DACD6B}.Debug|x86.ActiveCfg = Debug|Any CPU
		{50018309-738C-4211-BDA9-41AC92DACD6B}.Debug|x86.Build.0 = Debug|Any CPU
		{50018309-738C-4211-BDA9-41AC92DACD6B}.Release|Any CPU.ActiveCfg = Release|Any CPU
		{50018309-738C-4211-BDA9-41AC92DACD6B}.Release|Any CPU.Build.0 = Release|Any CPU
		{50018309-738C-4211-BDA9-41AC92DACD6B}.Release|x64.ActiveCfg = Release|Any CPU
		{50018309-738C-4211-BDA9-41AC92DACD6B}.Release|x64.Build.0 = Release|Any CPU
		{50018309-738C-4211-BDA9-41AC92DACD6B}.Release|x86.ActiveCfg = Release|Any CPU
		{50018309-738C-4211-BDA9-41AC92DACD6B}.Release|x86.Build.0 = Release|Any CPU
		{63DD5C42-7631-4E98-9861-B99E94BAD663}.Debug|Any CPU.ActiveCfg = Debug|Any CPU
		{63DD5C42-7631-4E98-9861-B99E94BAD663}.Debug|Any CPU.Build.0 = Debug|Any CPU
		{63DD5C42-7631-4E98-9861-B99E94BAD663}.Debug|x64.ActiveCfg = Debug|Any CPU
		{63DD5C42-7631-4E98-9861-B99E94BAD663}.Debug|x64.Build.0 = Debug|Any CPU
		{63DD5C42-7631-4E98-9861-B99E94BAD663}.Debug|x86.ActiveCfg = Debug|Any CPU
		{63DD5C42-7631-4E98-9861-B99E94BAD663}.Debug|x86.Build.0 = Debug|Any CPU
		{63DD5C42-7631-4E98-9861-B99E94BAD663}.Release|Any CPU.ActiveCfg = Release|Any CPU
		{63DD5C42-7631-4E98-9861-B99E94BAD663}.Release|Any CPU.Build.0 = Release|Any CPU
		{63DD5C42-7631-4E98-9861-B99E94BAD663}.Release|x64.ActiveCfg = Release|Any CPU
		{63DD5C42-7631-4E98-9861-B99E94BAD663}.Release|x64.Build.0 = Release|Any CPU
		{63DD5C42-7631-4E98-9861-B99E94BAD663}.Release|x86.ActiveCfg = Release|Any CPU
		{63DD5C42-7631-4E98-9861-B99E94BAD663}.Release|x86.Build.0 = Release|Any CPU
		{81B89B4D-ABA4-46B7-BE49-28BFDFC24316}.Debug|Any CPU.ActiveCfg = Debug|Any CPU
		{81B89B4D-ABA4-46B7-BE49-28BFDFC24316}.Debug|Any CPU.Build.0 = Debug|Any CPU
		{81B89B4D-ABA4-46B7-BE49-28BFDFC24316}.Debug|x64.ActiveCfg = Debug|Any CPU
		{81B89B4D-ABA4-46B7-BE49-28BFDFC24316}.Debug|x64.Build.0 = Debug|Any CPU
		{81B89B4D-ABA4-46B7-BE49-28BFDFC24316}.Debug|x86.ActiveCfg = Debug|Any CPU
		{81B89B4D-ABA4-46B7-BE49-28BFDFC24316}.Debug|x86.Build.0 = Debug|Any CPU
		{81B89B4D-ABA4-46B7-BE49-28BFDFC24316}.Release|Any CPU.ActiveCfg = Release|Any CPU
		{81B89B4D-ABA4-46B7-BE49-28BFDFC24316}.Release|Any CPU.Build.0 = Release|Any CPU
		{81B89B4D-ABA4-46B7-BE49-28BFDFC24316}.Release|x64.ActiveCfg = Release|Any CPU
		{81B89B4D-ABA4-46B7-BE49-28BFDFC24316}.Release|x64.Build.0 = Release|Any CPU
		{81B89B4D-ABA4-46B7-BE49-28BFDFC24316}.Release|x86.ActiveCfg = Release|Any CPU
		{81B89B4D-ABA4-46B7-BE49-28BFDFC24316}.Release|x86.Build.0 = Release|Any CPU
	EndGlobalSection
	GlobalSection(NestedProjects) = preSolution
		{EE6A1004-1EFF-46B8-A7CF-81253F0A802E} = {88E7A0D3-D120-48EC-B54E-773E225C8BC7}
		{AA976071-40B4-4973-B8DB-EBAEE77CF277} = {88E7A0D3-D120-48EC-B54E-773E225C8BC7}
		{A6C0B667-A8B1-4124-ABB4-DF140A4D91D5} = {88E7A0D3-D120-48EC-B54E-773E225C8BC7}
		{57895385-3CBF-4EFA-AAAB-9D330D8D0A02} = {88E7A0D3-D120-48EC-B54E-773E225C8BC7}
		{50018309-738C-4211-BDA9-41AC92DACD6B} = {EADD2E75-11A8-4EE8-B669-160FE03483D1}
		{63DD5C42-7631-4E98-9861-B99E94BAD663} = {EADD2E75-11A8-4EE8-B669-160FE03483D1}
		{81B89B4D-ABA4-46B7-BE49-28BFDFC24316} = {EADD2E75-11A8-4EE8-B669-160FE03483D1}
	EndGlobalSection
EndGlobal
